
Microsoft Visual Studio Solution File, Format Version 12.00
# Visual Studio Version 17
VisualStudioVersion = 17.1.32319.34
MinimumVisualStudioVersion = 10.0.40219.1
Project("{FAE04EC0-301F-11D3-BF4B-00C04F79EFBC}") = "ShadePass", "ShadePass.csproj", "{970036C1-585E-4820-A095-A77FDBD2BEC4}"
EndProject
Global
	GlobalSection(SolutionConfigurationPlatforms) = preSolution
		Debug|Any CPU = Debug|Any CPU
		Release|Any CPU = Release|Any CPU
	EndGlobalSection
	GlobalSection(ProjectConfigurationPlatforms) = postSolution
		{970036C1-585E-4820-A095-A77FDBD2BEC4}.Debug|Any CPU.ActiveCfg = Debug|Any CPU
		{970036C1-585E-4820-A095-A77FDBD2BEC4}.Debug|Any CPU.Build.0 = Debug|Any CPU
		{970036C1-585E-4820-A095-A77FDBD2BEC4}.Release|Any CPU.ActiveCfg = Release|Any CPU
		{970036C1-585E-4820-A095-A77FDBD2BEC4}.Release|Any CPU.Build.0 = Release|Any CPU
	EndGlobalSection
	GlobalSection(SolutionProperties) = preSolution
		HideSolutionNode = FALSE
	EndGlobalSection
	GlobalSection(ExtensibilityGlobals) = postSolution
		SolutionGuid = {EA5B2647-C9DF-455C-9B4C-17077F8B3367}
	EndGlobalSection
EndGlobal
